// !$*UTF8*$!
{
	archiveVersion = 1;
	classes = {
	};
	objectVersion = 46;
	objects = {

/* Begin PBXBuildFile section */
		342F1F621EE5377400CCCA2E /* ParkingTableViewCell.swift in Sources */ = {isa = PBXBuildFile; fileRef = 342F1F611EE5377400CCCA2E /* ParkingTableViewCell.swift */; };
		342F1F641EE54A2600CCCA2E /* RecordTableViewCell.swift in Sources */ = {isa = PBXBuildFile; fileRef = 342F1F631EE54A2600CCCA2E /* RecordTableViewCell.swift */; };
		342F1F661EE54A4300CCCA2E /* RecordsTableViewController.swift in Sources */ = {isa = PBXBuildFile; fileRef = 342F1F651EE54A4300CCCA2E /* RecordsTableViewController.swift */; };
		342F1F6B1EE54D8300CCCA2E /* PKRecord.swift in Sources */ = {isa = PBXBuildFile; fileRef = 342F1F6A1EE54D8300CCCA2E /* PKRecord.swift */; };
		342F1F6D1EE56D9100CCCA2E /* InternalSettingsViewController.swift in Sources */ = {isa = PBXBuildFile; fileRef = 342F1F6C1EE56D9100CCCA2E /* InternalSettingsViewController.swift */; };
		342F1F701EE5719300CCCA2E /* PKGeocoder.swift in Sources */ = {isa = PBXBuildFile; fileRef = 342F1F6F1EE5719300CCCA2E /* PKGeocoder.swift */; };
		343560A31EDFC4E700579F1C /* PKSpaceViewController.swift in Sources */ = {isa = PBXBuildFile; fileRef = 343560A21EDFC4E700579F1C /* PKSpaceViewController.swift */; };
		344365441EDF7C7A001A2151 /* PKSpace.swift in Sources */ = {isa = PBXBuildFile; fileRef = 344365431EDF7C7A001A2151 /* PKSpace.swift */; };
		344365461EDF824A001A2151 /* PKMapViewController.swift in Sources */ = {isa = PBXBuildFile; fileRef = 344365451EDF824A001A2151 /* PKMapViewController.swift */; };
		3457C8361EE2E82300CA73CE /* ReservationsTableViewController.swift in Sources */ = {isa = PBXBuildFile; fileRef = 3457C8351EE2E82300CA73CE /* ReservationsTableViewController.swift */; };
		34992C871EE30E0700F42852 /* ReservationTableViewCell.swift in Sources */ = {isa = PBXBuildFile; fileRef = 34992C861EE30E0700F42852 /* ReservationTableViewCell.swift */; };
		34992C891EE30FA000F42852 /* PKReservation.swift in Sources */ = {isa = PBXBuildFile; fileRef = 34992C881EE30FA000F42852 /* PKReservation.swift */; };
		34992C8B1EE316C600F42852 /* Extensions.swift in Sources */ = {isa = PBXBuildFile; fileRef = 34992C8A1EE316C600F42852 /* Extensions.swift */; };
		34992C8D1EE4103500F42852 /* PKProvider.swift in Sources */ = {isa = PBXBuildFile; fileRef = 34992C8C1EE4103500F42852 /* PKProvider.swift */; };
		34992C8F1EE4106600F42852 /* PKContactInformation.swift in Sources */ = {isa = PBXBuildFile; fileRef = 34992C8E1EE4106600F42852 /* PKContactInformation.swift */; };
		34992C911EE4116D00F42852 /* PKProviderTypes.swift in Sources */ = {isa = PBXBuildFile; fileRef = 34992C901EE4116D00F42852 /* PKProviderTypes.swift */; };
		34992C931EE4587B00F42852 /* ReserveViewController.swift in Sources */ = {isa = PBXBuildFile; fileRef = 34992C921EE4587B00F42852 /* ReserveViewController.swift */; };
		34992C951EE4A0AE00F42852 /* ReservationViewController.swift in Sources */ = {isa = PBXBuildFile; fileRef = 34992C941EE4A0AE00F42852 /* ReservationViewController.swift */; };
		34992C971EE519C200F42852 /* ParkingTableViewController.swift in Sources */ = {isa = PBXBuildFile; fileRef = 34992C961EE519C200F42852 /* ParkingTableViewController.swift */; };
		34992C991EE519F400F42852 /* PKParking.swift in Sources */ = {isa = PBXBuildFile; fileRef = 34992C981EE519F400F42852 /* PKParking.swift */; };
		38FB1A661EDD77AC00343560 /* AppDelegate.swift in Sources */ = {isa = PBXBuildFile; fileRef = 38FB1A651EDD77AC00343560 /* AppDelegate.swift */; };
		38FB1A6B1EDD77AC00343560 /* Main.storyboard in Resources */ = {isa = PBXBuildFile; fileRef = 38FB1A691EDD77AC00343560 /* Main.storyboard */; };
		38FB1A6D1EDD77AC00343560 /* Assets.xcassets in Resources */ = {isa = PBXBuildFile; fileRef = 38FB1A6C1EDD77AC00343560 /* Assets.xcassets */; };
		38FB1A701EDD77AC00343560 /* LaunchScreen.storyboard in Resources */ = {isa = PBXBuildFile; fileRef = 38FB1A6E1EDD77AC00343560 /* LaunchScreen.storyboard */; };
		38FB1A7B1EDD77AC00343560 /* ParkingTests.swift in Sources */ = {isa = PBXBuildFile; fileRef = 38FB1A7A1EDD77AC00343560 /* ParkingTests.swift */; };
		38FB1A861EDD77AC00343560 /* ParkingUITests.swift in Sources */ = {isa = PBXBuildFile; fileRef = 38FB1A851EDD77AC00343560 /* ParkingUITests.swift */; };
		38FB1BD01EDD9A3C00343560 /* MapKit.framework in Frameworks */ = {isa = PBXBuildFile; fileRef = 38FB1BCF1EDD9A3C00343560 /* MapKit.framework */; };
		38FB1BD31EDD9CA700343560 /* LoginRequestViewController.swift in Sources */ = {isa = PBXBuildFile; fileRef = 38FB1BD21EDD9CA700343560 /* LoginRequestViewController.swift */; };
		38FB1BD61EDD9F1B00343560 /* PKKeychain.swift in Sources */ = {isa = PBXBuildFile; fileRef = 38FB1BD51EDD9F1B00343560 /* PKKeychain.swift */; };
		38FB1BD81EDD9F7B00343560 /* PKLoginFlowNavigationControllerDelegate.swift in Sources */ = {isa = PBXBuildFile; fileRef = 38FB1BD71EDD9F7B00343560 /* PKLoginFlowNavigationControllerDelegate.swift */; };
		38FB1BDA1EDDA1DD00343560 /* SegueIdentifiers.swift in Sources */ = {isa = PBXBuildFile; fileRef = 38FB1BD91EDDA1DD00343560 /* SegueIdentifiers.swift */; };
		38FB1BDD1EDDA21400343560 /* PKService.swift in Sources */ = {isa = PBXBuildFile; fileRef = 38FB1BDC1EDDA21400343560 /* PKService.swift */; };
		38FB1BDF1EDDAE7500343560 /* Result.swift in Sources */ = {isa = PBXBuildFile; fileRef = 38FB1BDE1EDDAE7500343560 /* Result.swift */; };
		38FB1BE11EDDAEC500343560 /* config.plist in Resources */ = {isa = PBXBuildFile; fileRef = 38FB1BE01EDDAEC500343560 /* config.plist */; };
		38FB1BE31EDDC3A800343560 /* CustomAnnotationaView.swift in Sources */ = {isa = PBXBuildFile; fileRef = 38FB1BE21EDDC3A800343560 /* CustomAnnotationaView.swift */; };
		38FB1BE51EDDC41E00343560 /* CustomAnnotation.swift in Sources */ = {isa = PBXBuildFile; fileRef = 38FB1BE41EDDC41E00343560 /* CustomAnnotation.swift */; };
		40CC54F9262EE1380A9F700C /* Pods_Parking.framework in Frameworks */ = {isa = PBXBuildFile; fileRef = 33C3E2275EB634B6ADBCC834 /* Pods_Parking.framework */; };
		73E20A3A9405A3E83BF11F20 /* Pods_ParkingUITests.framework in Frameworks */ = {isa = PBXBuildFile; fileRef = AC2EAD334E1158D901D657B2 /* Pods_ParkingUITests.framework */; };
		863E9995CF815CA7CC3F4833 /* Pods_ParkingTests.framework in Frameworks */ = {isa = PBXBuildFile; fileRef = DD20A32EC82BA5D0B73C4CC4 /* Pods_ParkingTests.framework */; };
/* End PBXBuildFile section */

/* Begin PBXContainerItemProxy section */
		38FB1A771EDD77AC00343560 /* PBXContainerItemProxy */ = {
			isa = PBXContainerItemProxy;
			containerPortal = 38FB1A5A1EDD77AC00343560 /* Project object */;
			proxyType = 1;
			remoteGlobalIDString = 38FB1A611EDD77AC00343560;
			remoteInfo = Parking;
		};
		38FB1A821EDD77AC00343560 /* PBXContainerItemProxy */ = {
			isa = PBXContainerItemProxy;
			containerPortal = 38FB1A5A1EDD77AC00343560 /* Project object */;
			proxyType = 1;
			remoteGlobalIDString = 38FB1A611EDD77AC00343560;
			remoteInfo = Parking;
		};
/* End PBXContainerItemProxy section */

/* Begin PBXFileReference section */
		2A2BFAA3A278F32A563BDD23 /* Pods-ParkingUITests.release.xcconfig */ = {isa = PBXFileReference; includeInIndex = 1; lastKnownFileType = text.xcconfig; name = "Pods-ParkingUITests.release.xcconfig"; path = "Pods/Target Support Files/Pods-ParkingUITests/Pods-ParkingUITests.release.xcconfig"; sourceTree = "<group>"; };
		33C3E2275EB634B6ADBCC834 /* Pods_Parking.framework */ = {isa = PBXFileReference; explicitFileType = wrapper.framework; includeInIndex = 0; path = Pods_Parking.framework; sourceTree = BUILT_PRODUCTS_DIR; };
		342F1F611EE5377400CCCA2E /* ParkingTableViewCell.swift */ = {isa = PBXFileReference; fileEncoding = 4; lastKnownFileType = sourcecode.swift; name = ParkingTableViewCell.swift; path = Views/ParkingTableViewCell.swift; sourceTree = "<group>"; };
		342F1F631EE54A2600CCCA2E /* RecordTableViewCell.swift */ = {isa = PBXFileReference; fileEncoding = 4; lastKnownFileType = sourcecode.swift; name = RecordTableViewCell.swift; path = Views/RecordTableViewCell.swift; sourceTree = "<group>"; };
		342F1F651EE54A4300CCCA2E /* RecordsTableViewController.swift */ = {isa = PBXFileReference; fileEncoding = 4; lastKnownFileType = sourcecode.swift; name = RecordsTableViewController.swift; path = ViewControllers/RecordsTableViewController.swift; sourceTree = "<group>"; };
		342F1F6A1EE54D8300CCCA2E /* PKRecord.swift */ = {isa = PBXFileReference; fileEncoding = 4; lastKnownFileType = sourcecode.swift; name = PKRecord.swift; path = Models/PKRecord.swift; sourceTree = "<group>"; };
		342F1F6C1EE56D9100CCCA2E /* InternalSettingsViewController.swift */ = {isa = PBXFileReference; fileEncoding = 4; lastKnownFileType = sourcecode.swift; name = InternalSettingsViewController.swift; path = ViewControllers/InternalSettingsViewController.swift; sourceTree = "<group>"; };
		342F1F6F1EE5719300CCCA2E /* PKGeocoder.swift */ = {isa = PBXFileReference; fileEncoding = 4; lastKnownFileType = sourcecode.swift; name = PKGeocoder.swift; path = Utilities/PKGeocoder.swift; sourceTree = "<group>"; };
		343560A21EDFC4E700579F1C /* PKSpaceViewController.swift */ = {isa = PBXFileReference; fileEncoding = 4; lastKnownFileType = sourcecode.swift; name = PKSpaceViewController.swift; path = ViewControllers/PKSpaceViewController.swift; sourceTree = "<group>"; };
		344365431EDF7C7A001A2151 /* PKSpace.swift */ = {isa = PBXFileReference; fileEncoding = 4; lastKnownFileType = sourcecode.swift; path = PKSpace.swift; sourceTree = "<group>"; };
		344365451EDF824A001A2151 /* PKMapViewController.swift */ = {isa = PBXFileReference; fileEncoding = 4; lastKnownFileType = sourcecode.swift; name = PKMapViewController.swift; path = ViewControllers/PKMapViewController.swift; sourceTree = "<group>"; };
		3457C8351EE2E82300CA73CE /* ReservationsTableViewController.swift */ = {isa = PBXFileReference; fileEncoding = 4; lastKnownFileType = sourcecode.swift; path = ReservationsTableViewController.swift; sourceTree = "<group>"; };
		34992C861EE30E0700F42852 /* ReservationTableViewCell.swift */ = {isa = PBXFileReference; fileEncoding = 4; lastKnownFileType = sourcecode.swift; name = ReservationTableViewCell.swift; path = Views/ReservationTableViewCell.swift; sourceTree = "<group>"; };
		34992C881EE30FA000F42852 /* PKReservation.swift */ = {isa = PBXFileReference; fileEncoding = 4; lastKnownFileType = sourcecode.swift; name = PKReservation.swift; path = Models/PKReservation.swift; sourceTree = "<group>"; };
		34992C8A1EE316C600F42852 /* Extensions.swift */ = {isa = PBXFileReference; fileEncoding = 4; lastKnownFileType = sourcecode.swift; path = Extensions.swift; sourceTree = "<group>"; };
		34992C8C1EE4103500F42852 /* PKProvider.swift */ = {isa = PBXFileReference; fileEncoding = 4; lastKnownFileType = sourcecode.swift; path = PKProvider.swift; sourceTree = "<group>"; };
		34992C8E1EE4106600F42852 /* PKContactInformation.swift */ = {isa = PBXFileReference; fileEncoding = 4; lastKnownFileType = sourcecode.swift; path = PKContactInformation.swift; sourceTree = "<group>"; };
		34992C901EE4116D00F42852 /* PKProviderTypes.swift */ = {isa = PBXFileReference; fileEncoding = 4; lastKnownFileType = sourcecode.swift; path = PKProviderTypes.swift; sourceTree = "<group>"; };
		34992C921EE4587B00F42852 /* ReserveViewController.swift */ = {isa = PBXFileReference; fileEncoding = 4; lastKnownFileType = sourcecode.swift; name = ReserveViewController.swift; path = ViewControllers/ReserveViewController.swift; sourceTree = "<group>"; };
		34992C941EE4A0AE00F42852 /* ReservationViewController.swift */ = {isa = PBXFileReference; fileEncoding = 4; lastKnownFileType = sourcecode.swift; name = ReservationViewController.swift; path = ViewControllers/ReservationViewController.swift; sourceTree = "<group>"; };
		34992C961EE519C200F42852 /* ParkingTableViewController.swift */ = {isa = PBXFileReference; fileEncoding = 4; lastKnownFileType = sourcecode.swift; name = ParkingTableViewController.swift; path = ViewControllers/ParkingTableViewController.swift; sourceTree = "<group>"; };
		34992C981EE519F400F42852 /* PKParking.swift */ = {isa = PBXFileReference; fileEncoding = 4; lastKnownFileType = sourcecode.swift; name = PKParking.swift; path = Models/PKParking.swift; sourceTree = "<group>"; };
		38FB1A621EDD77AC00343560 /* Parking.app */ = {isa = PBXFileReference; explicitFileType = wrapper.application; includeInIndex = 0; path = Parking.app; sourceTree = BUILT_PRODUCTS_DIR; };
		38FB1A651EDD77AC00343560 /* AppDelegate.swift */ = {isa = PBXFileReference; lastKnownFileType = sourcecode.swift; path = AppDelegate.swift; sourceTree = "<group>"; };
		38FB1A6A1EDD77AC00343560 /* Base */ = {isa = PBXFileReference; lastKnownFileType = file.storyboard; name = Base; path = Base.lproj/Main.storyboard; sourceTree = "<group>"; };
		38FB1A6C1EDD77AC00343560 /* Assets.xcassets */ = {isa = PBXFileReference; lastKnownFileType = folder.assetcatalog; path = Assets.xcassets; sourceTree = "<group>"; };
		38FB1A6F1EDD77AC00343560 /* Base */ = {isa = PBXFileReference; lastKnownFileType = file.storyboard; name = Base; path = Base.lproj/LaunchScreen.storyboard; sourceTree = "<group>"; };
		38FB1A711EDD77AC00343560 /* Info.plist */ = {isa = PBXFileReference; lastKnownFileType = text.plist.xml; path = Info.plist; sourceTree = "<group>"; };
		38FB1A761EDD77AC00343560 /* ParkingTests.xctest */ = {isa = PBXFileReference; explicitFileType = wrapper.cfbundle; includeInIndex = 0; path = ParkingTests.xctest; sourceTree = BUILT_PRODUCTS_DIR; };
		38FB1A7A1EDD77AC00343560 /* ParkingTests.swift */ = {isa = PBXFileReference; lastKnownFileType = sourcecode.swift; path = ParkingTests.swift; sourceTree = "<group>"; };
		38FB1A7C1EDD77AC00343560 /* Info.plist */ = {isa = PBXFileReference; lastKnownFileType = text.plist.xml; path = Info.plist; sourceTree = "<group>"; };
		38FB1A811EDD77AC00343560 /* ParkingUITests.xctest */ = {isa = PBXFileReference; explicitFileType = wrapper.cfbundle; includeInIndex = 0; path = ParkingUITests.xctest; sourceTree = BUILT_PRODUCTS_DIR; };
		38FB1A851EDD77AC00343560 /* ParkingUITests.swift */ = {isa = PBXFileReference; lastKnownFileType = sourcecode.swift; path = ParkingUITests.swift; sourceTree = "<group>"; };
		38FB1A871EDD77AC00343560 /* Info.plist */ = {isa = PBXFileReference; lastKnownFileType = text.plist.xml; path = Info.plist; sourceTree = "<group>"; };
		38FB1A931EDD77FF00343560 /* Parking.entitlements */ = {isa = PBXFileReference; lastKnownFileType = text.plist.entitlements; path = Parking.entitlements; sourceTree = "<group>"; };
		38FB1BCF1EDD9A3C00343560 /* MapKit.framework */ = {isa = PBXFileReference; lastKnownFileType = wrapper.framework; name = MapKit.framework; path = System/Library/Frameworks/MapKit.framework; sourceTree = SDKROOT; };
		38FB1BD21EDD9CA700343560 /* LoginRequestViewController.swift */ = {isa = PBXFileReference; fileEncoding = 4; lastKnownFileType = sourcecode.swift; name = LoginRequestViewController.swift; path = ViewControllers/LoginRequestViewController.swift; sourceTree = "<group>"; };
		38FB1BD51EDD9F1B00343560 /* PKKeychain.swift */ = {isa = PBXFileReference; fileEncoding = 4; lastKnownFileType = sourcecode.swift; name = PKKeychain.swift; path = Utilities/PKKeychain.swift; sourceTree = "<group>"; };
		38FB1BD71EDD9F7B00343560 /* PKLoginFlowNavigationControllerDelegate.swift */ = {isa = PBXFileReference; fileEncoding = 4; lastKnownFileType = sourcecode.swift; name = PKLoginFlowNavigationControllerDelegate.swift; path = ViewControllers/PKLoginFlowNavigationControllerDelegate.swift; sourceTree = "<group>"; };
		38FB1BD91EDDA1DD00343560 /* SegueIdentifiers.swift */ = {isa = PBXFileReference; fileEncoding = 4; lastKnownFileType = sourcecode.swift; name = SegueIdentifiers.swift; path = Utilities/SegueIdentifiers.swift; sourceTree = "<group>"; };
		38FB1BDC1EDDA21400343560 /* PKService.swift */ = {isa = PBXFileReference; fileEncoding = 4; lastKnownFileType = sourcecode.swift; path = PKService.swift; sourceTree = "<group>"; };
		38FB1BDE1EDDAE7500343560 /* Result.swift */ = {isa = PBXFileReference; fileEncoding = 4; lastKnownFileType = sourcecode.swift; name = Result.swift; path = Utilities/Result.swift; sourceTree = "<group>"; };
		38FB1BE01EDDAEC500343560 /* config.plist */ = {isa = PBXFileReference; fileEncoding = 4; lastKnownFileType = text.plist.xml; path = config.plist; sourceTree = "<group>"; };
		38FB1BE21EDDC3A800343560 /* CustomAnnotationaView.swift */ = {isa = PBXFileReference; fileEncoding = 4; lastKnownFileType = sourcecode.swift; path = CustomAnnotationaView.swift; sourceTree = "<group>"; };
		38FB1BE41EDDC41E00343560 /* CustomAnnotation.swift */ = {isa = PBXFileReference; fileEncoding = 4; lastKnownFileType = sourcecode.swift; path = CustomAnnotation.swift; sourceTree = "<group>"; };
		5E35B851F7082DDA46DA8F46 /* Pods-Parking.debug.xcconfig */ = {isa = PBXFileReference; includeInIndex = 1; lastKnownFileType = text.xcconfig; name = "Pods-Parking.debug.xcconfig"; path = "Pods/Target Support Files/Pods-Parking/Pods-Parking.debug.xcconfig"; sourceTree = "<group>"; };
		AC2EAD334E1158D901D657B2 /* Pods_ParkingUITests.framework */ = {isa = PBXFileReference; explicitFileType = wrapper.framework; includeInIndex = 0; path = Pods_ParkingUITests.framework; sourceTree = BUILT_PRODUCTS_DIR; };
		D0C515C5DF3FBC70DB23C0B8 /* Pods-ParkingUITests.debug.xcconfig */ = {isa = PBXFileReference; includeInIndex = 1; lastKnownFileType = text.xcconfig; name = "Pods-ParkingUITests.debug.xcconfig"; path = "Pods/Target Support Files/Pods-ParkingUITests/Pods-ParkingUITests.debug.xcconfig"; sourceTree = "<group>"; };
		D3737EEF305DEF4E29C8DCB9 /* Pods-ParkingTests.debug.xcconfig */ = {isa = PBXFileReference; includeInIndex = 1; lastKnownFileType = text.xcconfig; name = "Pods-ParkingTests.debug.xcconfig"; path = "Pods/Target Support Files/Pods-ParkingTests/Pods-ParkingTests.debug.xcconfig"; sourceTree = "<group>"; };
		DC2F7649383381A1AF9EEEEB /* Pods-Parking.release.xcconfig */ = {isa = PBXFileReference; includeInIndex = 1; lastKnownFileType = text.xcconfig; name = "Pods-Parking.release.xcconfig"; path = "Pods/Target Support Files/Pods-Parking/Pods-Parking.release.xcconfig"; sourceTree = "<group>"; };
		DD20A32EC82BA5D0B73C4CC4 /* Pods_ParkingTests.framework */ = {isa = PBXFileReference; explicitFileType = wrapper.framework; includeInIndex = 0; path = Pods_ParkingTests.framework; sourceTree = BUILT_PRODUCTS_DIR; };
		EEEAA3614AD402FBB39A4EA1 /* Pods-ParkingTests.release.xcconfig */ = {isa = PBXFileReference; includeInIndex = 1; lastKnownFileType = text.xcconfig; name = "Pods-ParkingTests.release.xcconfig"; path = "Pods/Target Support Files/Pods-ParkingTests/Pods-ParkingTests.release.xcconfig"; sourceTree = "<group>"; };
/* End PBXFileReference section */

/* Begin PBXFrameworksBuildPhase section */
		38FB1A5F1EDD77AC00343560 /* Frameworks */ = {
			isa = PBXFrameworksBuildPhase;
			buildActionMask = 2147483647;
			files = (
				38FB1BD01EDD9A3C00343560 /* MapKit.framework in Frameworks */,
				40CC54F9262EE1380A9F700C /* Pods_Parking.framework in Frameworks */,
			);
			runOnlyForDeploymentPostprocessing = 0;
		};
		38FB1A731EDD77AC00343560 /* Frameworks */ = {
			isa = PBXFrameworksBuildPhase;
			buildActionMask = 2147483647;
			files = (
				863E9995CF815CA7CC3F4833 /* Pods_ParkingTests.framework in Frameworks */,
			);
			runOnlyForDeploymentPostprocessing = 0;
		};
		38FB1A7E1EDD77AC00343560 /* Frameworks */ = {
			isa = PBXFrameworksBuildPhase;
			buildActionMask = 2147483647;
			files = (
				73E20A3A9405A3E83BF11F20 /* Pods_ParkingUITests.framework in Frameworks */,
			);
			runOnlyForDeploymentPostprocessing = 0;
		};
/* End PBXFrameworksBuildPhase section */

/* Begin PBXGroup section */
		342F1F671EE54A4F00CCCA2E /* Reservations */ = {
			isa = PBXGroup;
			children = (
				3457C8351EE2E82300CA73CE /* ReservationsTableViewController.swift */,
				34992C921EE4587B00F42852 /* ReserveViewController.swift */,
				34992C941EE4A0AE00F42852 /* ReservationViewController.swift */,
			);
			name = Reservations;
			sourceTree = "<group>";
		};
		342F1F681EE54A5600CCCA2E /* Maps & Spaces */ = {
			isa = PBXGroup;
			children = (
				344365451EDF824A001A2151 /* PKMapViewController.swift */,
				343560A21EDFC4E700579F1C /* PKSpaceViewController.swift */,
			);
			name = "Maps & Spaces";
			sourceTree = "<group>";
		};
		342F1F691EE54A6000CCCA2E /* Login & Flow */ = {
			isa = PBXGroup;
			children = (
				38FB1BD21EDD9CA700343560 /* LoginRequestViewController.swift */,
				38FB1BD71EDD9F7B00343560 /* PKLoginFlowNavigationControllerDelegate.swift */,
			);
			name = "Login & Flow";
			sourceTree = "<group>";
		};
		34992C851EE30DE800F42852 /* Views */ = {
			isa = PBXGroup;
			children = (
				34992C861EE30E0700F42852 /* ReservationTableViewCell.swift */,
				342F1F611EE5377400CCCA2E /* ParkingTableViewCell.swift */,
				342F1F631EE54A2600CCCA2E /* RecordTableViewCell.swift */,
			);
			name = Views;
			sourceTree = "<group>";
		};
		38FB1A591EDD77AC00343560 = {
			isa = PBXGroup;
			children = (
				38FB1A641EDD77AC00343560 /* Parking */,
				38FB1A791EDD77AC00343560 /* ParkingTests */,
				38FB1A841EDD77AC00343560 /* ParkingUITests */,
				38FB1A631EDD77AC00343560 /* Products */,
				BE3FD3BC7EE1D21EF1F7D313 /* Pods */,
				63115DC57A45813EBB08EB2D /* Frameworks */,
			);
			sourceTree = "<group>";
		};
		38FB1A631EDD77AC00343560 /* Products */ = {
			isa = PBXGroup;
			children = (
				38FB1A621EDD77AC00343560 /* Parking.app */,
				38FB1A761EDD77AC00343560 /* ParkingTests.xctest */,
				38FB1A811EDD77AC00343560 /* ParkingUITests.xctest */,
			);
			name = Products;
			sourceTree = "<group>";
		};
		38FB1A641EDD77AC00343560 /* Parking */ = {
			isa = PBXGroup;
			children = (
				34992C851EE30DE800F42852 /* Views */,
				38FB1BDB1EDDA20500343560 /* Models */,
				38FB1BD41EDD9F0700343560 /* Utilities */,
				38FB1BD11EDD9C8800343560 /* ViewControllers */,
				38FB1A931EDD77FF00343560 /* Parking.entitlements */,
				38FB1A651EDD77AC00343560 /* AppDelegate.swift */,
				38FB1A6C1EDD77AC00343560 /* Assets.xcassets */,
				38FB1A691EDD77AC00343560 /* Main.storyboard */,
				38FB1A6E1EDD77AC00343560 /* LaunchScreen.storyboard */,
				38FB1A711EDD77AC00343560 /* Info.plist */,
				38FB1BE01EDDAEC500343560 /* config.plist */,
				38FB1BE21EDDC3A800343560 /* CustomAnnotationaView.swift */,
				38FB1BE41EDDC41E00343560 /* CustomAnnotation.swift */,
			);
			path = Parking;
			sourceTree = "<group>";
		};
		38FB1A791EDD77AC00343560 /* ParkingTests */ = {
			isa = PBXGroup;
			children = (
				38FB1A7A1EDD77AC00343560 /* ParkingTests.swift */,
				38FB1A7C1EDD77AC00343560 /* Info.plist */,
			);
			path = ParkingTests;
			sourceTree = "<group>";
		};
		38FB1A841EDD77AC00343560 /* ParkingUITests */ = {
			isa = PBXGroup;
			children = (
				38FB1A851EDD77AC00343560 /* ParkingUITests.swift */,
				38FB1A871EDD77AC00343560 /* Info.plist */,
			);
			path = ParkingUITests;
			sourceTree = "<group>";
		};
		38FB1BD11EDD9C8800343560 /* ViewControllers */ = {
			isa = PBXGroup;
			children = (
				342F1F691EE54A6000CCCA2E /* Login & Flow */,
				342F1F681EE54A5600CCCA2E /* Maps & Spaces */,
				342F1F671EE54A4F00CCCA2E /* Reservations */,
				34992C961EE519C200F42852 /* ParkingTableViewController.swift */,
				342F1F651EE54A4300CCCA2E /* RecordsTableViewController.swift */,
				342F1F6C1EE56D9100CCCA2E /* InternalSettingsViewController.swift */,
			);
			name = ViewControllers;
			sourceTree = "<group>";
		};
		38FB1BD41EDD9F0700343560 /* Utilities */ = {
			isa = PBXGroup;
			children = (
				38FB1BD51EDD9F1B00343560 /* PKKeychain.swift */,
				38FB1BD91EDDA1DD00343560 /* SegueIdentifiers.swift */,
				38FB1BDE1EDDAE7500343560 /* Result.swift */,
				342F1F6F1EE5719300CCCA2E /* PKGeocoder.swift */,
			);
			name = Utilities;
			sourceTree = "<group>";
		};
		38FB1BDB1EDDA20500343560 /* Models */ = {
			isa = PBXGroup;
			children = (
				38FB1BDC1EDDA21400343560 /* PKService.swift */,
				344365431EDF7C7A001A2151 /* PKSpace.swift */,
				34992C881EE30FA000F42852 /* PKReservation.swift */,
				34992C8A1EE316C600F42852 /* Extensions.swift */,
				34992C8C1EE4103500F42852 /* PKProvider.swift */,
				34992C8E1EE4106600F42852 /* PKContactInformation.swift */,
				34992C901EE4116D00F42852 /* PKProviderTypes.swift */,
				34992C981EE519F400F42852 /* PKParking.swift */,
				342F1F6A1EE54D8300CCCA2E /* PKRecord.swift */,
			);
			name = Models;
			sourceTree = "<group>";
		};
		63115DC57A45813EBB08EB2D /* Frameworks */ = {
			isa = PBXGroup;
			children = (
				38FB1BCF1EDD9A3C00343560 /* MapKit.framework */,
				33C3E2275EB634B6ADBCC834 /* Pods_Parking.framework */,
				DD20A32EC82BA5D0B73C4CC4 /* Pods_ParkingTests.framework */,
				AC2EAD334E1158D901D657B2 /* Pods_ParkingUITests.framework */,
			);
			name = Frameworks;
			sourceTree = "<group>";
		};
		BE3FD3BC7EE1D21EF1F7D313 /* Pods */ = {
			isa = PBXGroup;
			children = (
				5E35B851F7082DDA46DA8F46 /* Pods-Parking.debug.xcconfig */,
				DC2F7649383381A1AF9EEEEB /* Pods-Parking.release.xcconfig */,
				D3737EEF305DEF4E29C8DCB9 /* Pods-ParkingTests.debug.xcconfig */,
				EEEAA3614AD402FBB39A4EA1 /* Pods-ParkingTests.release.xcconfig */,
				D0C515C5DF3FBC70DB23C0B8 /* Pods-ParkingUITests.debug.xcconfig */,
				2A2BFAA3A278F32A563BDD23 /* Pods-ParkingUITests.release.xcconfig */,
			);
			name = Pods;
			sourceTree = "<group>";
		};
/* End PBXGroup section */

/* Begin PBXNativeTarget section */
		38FB1A611EDD77AC00343560 /* Parking */ = {
			isa = PBXNativeTarget;
			buildConfigurationList = 38FB1A8A1EDD77AC00343560 /* Build configuration list for PBXNativeTarget "Parking" */;
			buildPhases = (
				4C0CE5F0EDA97744B6392497 /* [CP] Check Pods Manifest.lock */,
				38FB1A5E1EDD77AC00343560 /* Sources */,
				38FB1A5F1EDD77AC00343560 /* Frameworks */,
				38FB1A601EDD77AC00343560 /* Resources */,
				492E2BD7EE96033C80249E08 /* [CP] Embed Pods Frameworks */,
				A33D6EBF9C80F52398E6B9C6 /* [CP] Copy Pods Resources */,
			);
			buildRules = (
			);
			dependencies = (
			);
			name = Parking;
			productName = Parking;
			productReference = 38FB1A621EDD77AC00343560 /* Parking.app */;
			productType = "com.apple.product-type.application";
		};
		38FB1A751EDD77AC00343560 /* ParkingTests */ = {
			isa = PBXNativeTarget;
			buildConfigurationList = 38FB1A8D1EDD77AC00343560 /* Build configuration list for PBXNativeTarget "ParkingTests" */;
			buildPhases = (
				669837D4FE2AE19168BA5D94 /* [CP] Check Pods Manifest.lock */,
				38FB1A721EDD77AC00343560 /* Sources */,
				38FB1A731EDD77AC00343560 /* Frameworks */,
				38FB1A741EDD77AC00343560 /* Resources */,
				C1179DBCEF3FAA86C5822D4A /* [CP] Embed Pods Frameworks */,
				7B266B27BC706E708CE809D9 /* [CP] Copy Pods Resources */,
			);
			buildRules = (
			);
			dependencies = (
				38FB1A781EDD77AC00343560 /* PBXTargetDependency */,
			);
			name = ParkingTests;
			productName = ParkingTests;
			productReference = 38FB1A761EDD77AC00343560 /* ParkingTests.xctest */;
			productType = "com.apple.product-type.bundle.unit-test";
		};
		38FB1A801EDD77AC00343560 /* ParkingUITests */ = {
			isa = PBXNativeTarget;
			buildConfigurationList = 38FB1A901EDD77AC00343560 /* Build configuration list for PBXNativeTarget "ParkingUITests" */;
			buildPhases = (
				42C3382C6E62BC3C3B46732B /* [CP] Check Pods Manifest.lock */,
				38FB1A7D1EDD77AC00343560 /* Sources */,
				38FB1A7E1EDD77AC00343560 /* Frameworks */,
				38FB1A7F1EDD77AC00343560 /* Resources */,
				56DFDC8107CF9ED478697FD8 /* [CP] Embed Pods Frameworks */,
				FBD3E3EB6F7F73A3D354D043 /* [CP] Copy Pods Resources */,
			);
			buildRules = (
			);
			dependencies = (
				38FB1A831EDD77AC00343560 /* PBXTargetDependency */,
			);
			name = ParkingUITests;
			productName = ParkingUITests;
			productReference = 38FB1A811EDD77AC00343560 /* ParkingUITests.xctest */;
			productType = "com.apple.product-type.bundle.ui-testing";
		};
/* End PBXNativeTarget section */

/* Begin PBXProject section */
		38FB1A5A1EDD77AC00343560 /* Project object */ = {
			isa = PBXProject;
			attributes = {
				LastSwiftUpdateCheck = 0830;
				LastUpgradeCheck = 0830;
				TargetAttributes = {
					38FB1A611EDD77AC00343560 = {
						CreatedOnToolsVersion = 8.3.2;
						DevelopmentTeam = HLB4G4QBTU;
						ProvisioningStyle = Automatic;
						SystemCapabilities = {
							com.apple.Push = {
								enabled = 1;
							};
						};
					};
					38FB1A751EDD77AC00343560 = {
						CreatedOnToolsVersion = 8.3.2;
						DevelopmentTeam = HLB4G4QBTU;
						ProvisioningStyle = Automatic;
						TestTargetID = 38FB1A611EDD77AC00343560;
					};
					38FB1A801EDD77AC00343560 = {
						CreatedOnToolsVersion = 8.3.2;
						DevelopmentTeam = HLB4G4QBTU;
						ProvisioningStyle = Automatic;
						TestTargetID = 38FB1A611EDD77AC00343560;
					};
				};
			};
			buildConfigurationList = 38FB1A5D1EDD77AC00343560 /* Build configuration list for PBXProject "Parking" */;
			compatibilityVersion = "Xcode 3.2";
			developmentRegion = English;
			hasScannedForEncodings = 0;
			knownRegions = (
				en,
				Base,
			);
			mainGroup = 38FB1A591EDD77AC00343560;
			productRefGroup = 38FB1A631EDD77AC00343560 /* Products */;
			projectDirPath = "";
			projectRoot = "";
			targets = (
				38FB1A611EDD77AC00343560 /* Parking */,
				38FB1A751EDD77AC00343560 /* ParkingTests */,
				38FB1A801EDD77AC00343560 /* ParkingUITests */,
			);
		};
/* End PBXProject section */

/* Begin PBXResourcesBuildPhase section */
		38FB1A601EDD77AC00343560 /* Resources */ = {
			isa = PBXResourcesBuildPhase;
			buildActionMask = 2147483647;
			files = (
				38FB1BE11EDDAEC500343560 /* config.plist in Resources */,
				38FB1A701EDD77AC00343560 /* LaunchScreen.storyboard in Resources */,
				38FB1A6D1EDD77AC00343560 /* Assets.xcassets in Resources */,
				38FB1A6B1EDD77AC00343560 /* Main.storyboard in Resources */,
			);
			runOnlyForDeploymentPostprocessing = 0;
		};
		38FB1A741EDD77AC00343560 /* Resources */ = {
			isa = PBXResourcesBuildPhase;
			buildActionMask = 2147483647;
			files = (
			);
			runOnlyForDeploymentPostprocessing = 0;
		};
		38FB1A7F1EDD77AC00343560 /* Resources */ = {
			isa = PBXResourcesBuildPhase;
			buildActionMask = 2147483647;
			files = (
			);
			runOnlyForDeploymentPostprocessing = 0;
		};
/* End PBXResourcesBuildPhase section */

/* Begin PBXShellScriptBuildPhase section */
		42C3382C6E62BC3C3B46732B /* [CP] Check Pods Manifest.lock */ = {
			isa = PBXShellScriptBuildPhase;
			buildActionMask = 2147483647;
			files = (
			);
			inputPaths = (
			);
			name = "[CP] Check Pods Manifest.lock";
			outputPaths = (
			);
			runOnlyForDeploymentPostprocessing = 0;
			shellPath = /bin/sh;
			shellScript = "diff \"${PODS_PODFILE_DIR_PATH}/Podfile.lock\" \"${PODS_ROOT}/Manifest.lock\" > /dev/null\nif [ $? != 0 ] ; then\n    # print error to STDERR\n    echo \"error: The sandbox is not in sync with the Podfile.lock. Run 'pod install' or update your CocoaPods installation.\" >&2\n    exit 1\nfi\n";
			showEnvVarsInLog = 0;
		};
		492E2BD7EE96033C80249E08 /* [CP] Embed Pods Frameworks */ = {
			isa = PBXShellScriptBuildPhase;
			buildActionMask = 2147483647;
			files = (
			);
			inputPaths = (
			);
			name = "[CP] Embed Pods Frameworks";
			outputPaths = (
			);
			runOnlyForDeploymentPostprocessing = 0;
			shellPath = /bin/sh;
			shellScript = "\"${SRCROOT}/Pods/Target Support Files/Pods-Parking/Pods-Parking-frameworks.sh\"\n";
			showEnvVarsInLog = 0;
		};
		4C0CE5F0EDA97744B6392497 /* [CP] Check Pods Manifest.lock */ = {
			isa = PBXShellScriptBuildPhase;
			buildActionMask = 2147483647;
			files = (
			);
			inputPaths = (
			);
			name = "[CP] Check Pods Manifest.lock";
			outputPaths = (
			);
			runOnlyForDeploymentPostprocessing = 0;
			shellPath = /bin/sh;
			shellScript = "diff \"${PODS_PODFILE_DIR_PATH}/Podfile.lock\" \"${PODS_ROOT}/Manifest.lock\" > /dev/null\nif [ $? != 0 ] ; then\n    # print error to STDERR\n    echo \"error: The sandbox is not in sync with the Podfile.lock. Run 'pod install' or update your CocoaPods installation.\" >&2\n    exit 1\nfi\n";
			showEnvVarsInLog = 0;
		};
		56DFDC8107CF9ED478697FD8 /* [CP] Embed Pods Frameworks */ = {
			isa = PBXShellScriptBuildPhase;
			buildActionMask = 2147483647;
			files = (
			);
			inputPaths = (
			);
			name = "[CP] Embed Pods Frameworks";
			outputPaths = (
			);
			runOnlyForDeploymentPostprocessing = 0;
			shellPath = /bin/sh;
			shellScript = "\"${SRCROOT}/Pods/Target Support Files/Pods-ParkingUITests/Pods-ParkingUITests-frameworks.sh\"\n";
			showEnvVarsInLog = 0;
		};
		669837D4FE2AE19168BA5D94 /* [CP] Check Pods Manifest.lock */ = {
			isa = PBXShellScriptBuildPhase;
			buildActionMask = 2147483647;
			files = (
			);
			inputPaths = (
			);
			name = "[CP] Check Pods Manifest.lock";
			outputPaths = (
			);
			runOnlyForDeploymentPostprocessing = 0;
			shellPath = /bin/sh;
			shellScript = "diff \"${PODS_PODFILE_DIR_PATH}/Podfile.lock\" \"${PODS_ROOT}/Manifest.lock\" > /dev/null\nif [ $? != 0 ] ; then\n    # print error to STDERR\n    echo \"error: The sandbox is not in sync with the Podfile.lock. Run 'pod install' or update your CocoaPods installation.\" >&2\n    exit 1\nfi\n";
			showEnvVarsInLog = 0;
		};
		7B266B27BC706E708CE809D9 /* [CP] Copy Pods Resources */ = {
			isa = PBXShellScriptBuildPhase;
			buildActionMask = 2147483647;
			files = (
			);
			inputPaths = (
			);
			name = "[CP] Copy Pods Resources";
			outputPaths = (
			);
			runOnlyForDeploymentPostprocessing = 0;
			shellPath = /bin/sh;
			shellScript = "\"${SRCROOT}/Pods/Target Support Files/Pods-ParkingTests/Pods-ParkingTests-resources.sh\"\n";
			showEnvVarsInLog = 0;
		};
		A33D6EBF9C80F52398E6B9C6 /* [CP] Copy Pods Resources */ = {
			isa = PBXShellScriptBuildPhase;
			buildActionMask = 2147483647;
			files = (
			);
			inputPaths = (
			);
			name = "[CP] Copy Pods Resources";
			outputPaths = (
			);
			runOnlyForDeploymentPostprocessing = 0;
			shellPath = /bin/sh;
			shellScript = "\"${SRCROOT}/Pods/Target Support Files/Pods-Parking/Pods-Parking-resources.sh\"\n";
			showEnvVarsInLog = 0;
		};
		C1179DBCEF3FAA86C5822D4A /* [CP] Embed Pods Frameworks */ = {
			isa = PBXShellScriptBuildPhase;
			buildActionMask = 2147483647;
			files = (
			);
			inputPaths = (
			);
			name = "[CP] Embed Pods Frameworks";
			outputPaths = (
			);
			runOnlyForDeploymentPostprocessing = 0;
			shellPath = /bin/sh;
			shellScript = "\"${SRCROOT}/Pods/Target Support Files/Pods-ParkingTests/Pods-ParkingTests-frameworks.sh\"\n";
			showEnvVarsInLog = 0;
		};
		FBD3E3EB6F7F73A3D354D043 /* [CP] Copy Pods Resources */ = {
			isa = PBXShellScriptBuildPhase;
			buildActionMask = 2147483647;
			files = (
			);
			inputPaths = (
			);
			name = "[CP] Copy Pods Resources";
			outputPaths = (
			);
			runOnlyForDeploymentPostprocessing = 0;
			shellPath = /bin/sh;
			shellScript = "\"${SRCROOT}/Pods/Target Support Files/Pods-ParkingUITests/Pods-ParkingUITests-resources.sh\"\n";
			showEnvVarsInLog = 0;
		};
/* End PBXShellScriptBuildPhase section */

/* Begin PBXSourcesBuildPhase section */
		38FB1A5E1EDD77AC00343560 /* Sources */ = {
			isa = PBXSourcesBuildPhase;
			buildActionMask = 2147483647;
			files = (
				34992C971EE519C200F42852 /* ParkingTableViewController.swift in Sources */,
				34992C871EE30E0700F42852 /* ReservationTableViewCell.swift in Sources */,
				34992C911EE4116D00F42852 /* PKProviderTypes.swift in Sources */,
				38FB1BE31EDDC3A800343560 /* CustomAnnotationaView.swift in Sources */,
				342F1F621EE5377400CCCA2E /* ParkingTableViewCell.swift in Sources */,
				38FB1BDA1EDDA1DD00343560 /* SegueIdentifiers.swift in Sources */,
				3457C8361EE2E82300CA73CE /* ReservationsTableViewController.swift in Sources */,
				34992C951EE4A0AE00F42852 /* ReservationViewController.swift in Sources */,
				34992C931EE4587B00F42852 /* ReserveViewController.swift in Sources */,
				38FB1BE51EDDC41E00343560 /* CustomAnnotation.swift in Sources */,
				38FB1BD31EDD9CA700343560 /* LoginRequestViewController.swift in Sources */,
				343560A31EDFC4E700579F1C /* PKSpaceViewController.swift in Sources */,
				38FB1BD61EDD9F1B00343560 /* PKKeychain.swift in Sources */,
				342F1F641EE54A2600CCCA2E /* RecordTableViewCell.swift in Sources */,
				342F1F661EE54A4300CCCA2E /* RecordsTableViewController.swift in Sources */,
				34992C991EE519F400F42852 /* PKParking.swift in Sources */,
				342F1F6D1EE56D9100CCCA2E /* InternalSettingsViewController.swift in Sources */,
				38FB1BD81EDD9F7B00343560 /* PKLoginFlowNavigationControllerDelegate.swift in Sources */,
				38FB1BDF1EDDAE7500343560 /* Result.swift in Sources */,
				34992C8F1EE4106600F42852 /* PKContactInformation.swift in Sources */,
				344365441EDF7C7A001A2151 /* PKSpace.swift in Sources */,
				34992C8B1EE316C600F42852 /* Extensions.swift in Sources */,
				342F1F701EE5719300CCCA2E /* PKGeocoder.swift in Sources */,
				34992C8D1EE4103500F42852 /* PKProvider.swift in Sources */,
				38FB1BDD1EDDA21400343560 /* PKService.swift in Sources */,
				344365461EDF824A001A2151 /* PKMapViewController.swift in Sources */,
				34992C891EE30FA000F42852 /* PKReservation.swift in Sources */,
				342F1F6B1EE54D8300CCCA2E /* PKRecord.swift in Sources */,
				38FB1A661EDD77AC00343560 /* AppDelegate.swift in Sources */,
			);
			runOnlyForDeploymentPostprocessing = 0;
		};
		38FB1A721EDD77AC00343560 /* Sources */ = {
			isa = PBXSourcesBuildPhase;
			buildActionMask = 2147483647;
			files = (
				38FB1A7B1EDD77AC00343560 /* ParkingTests.swift in Sources */,
			);
			runOnlyForDeploymentPostprocessing = 0;
		};
		38FB1A7D1EDD77AC00343560 /* Sources */ = {
			isa = PBXSourcesBuildPhase;
			buildActionMask = 2147483647;
			files = (
				38FB1A861EDD77AC00343560 /* ParkingUITests.swift in Sources */,
			);
			runOnlyForDeploymentPostprocessing = 0;
		};
/* End PBXSourcesBuildPhase section */

/* Begin PBXTargetDependency section */
		38FB1A781EDD77AC00343560 /* PBXTargetDependency */ = {
			isa = PBXTargetDependency;
			target = 38FB1A611EDD77AC00343560 /* Parking */;
			targetProxy = 38FB1A771EDD77AC00343560 /* PBXContainerItemProxy */;
		};
		38FB1A831EDD77AC00343560 /* PBXTargetDependency */ = {
			isa = PBXTargetDependency;
			target = 38FB1A611EDD77AC00343560 /* Parking */;
			targetProxy = 38FB1A821EDD77AC00343560 /* PBXContainerItemProxy */;
		};
/* End PBXTargetDependency section */

/* Begin PBXVariantGroup section */
		38FB1A691EDD77AC00343560 /* Main.storyboard */ = {
			isa = PBXVariantGroup;
			children = (
				38FB1A6A1EDD77AC00343560 /* Base */,
			);
			name = Main.storyboard;
			sourceTree = "<group>";
		};
		38FB1A6E1EDD77AC00343560 /* LaunchScreen.storyboard */ = {
			isa = PBXVariantGroup;
			children = (
				38FB1A6F1EDD77AC00343560 /* Base */,
			);
			name = LaunchScreen.storyboard;
			sourceTree = "<group>";
		};
/* End PBXVariantGroup section */

/* Begin XCBuildConfiguration section */
		38FB1A881EDD77AC00343560 /* Debug */ = {
			isa = XCBuildConfiguration;
			buildSettings = {
				ALWAYS_SEARCH_USER_PATHS = NO;
				CLANG_ANALYZER_NONNULL = YES;
				CLANG_ANALYZER_NUMBER_OBJECT_CONVERSION = YES_AGGRESSIVE;
				CLANG_CXX_LANGUAGE_STANDARD = "gnu++0x";
				CLANG_CXX_LIBRARY = "libc++";
				CLANG_ENABLE_MODULES = YES;
				CLANG_ENABLE_OBJC_ARC = YES;
				CLANG_WARN_BOOL_CONVERSION = YES;
				CLANG_WARN_CONSTANT_CONVERSION = YES;
				CLANG_WARN_DIRECT_OBJC_ISA_USAGE = YES_ERROR;
				CLANG_WARN_DOCUMENTATION_COMMENTS = YES;
				CLANG_WARN_EMPTY_BODY = YES;
				CLANG_WARN_ENUM_CONVERSION = YES;
				CLANG_WARN_INFINITE_RECURSION = YES;
				CLANG_WARN_INT_CONVERSION = YES;
				CLANG_WARN_OBJC_ROOT_CLASS = YES_ERROR;
				CLANG_WARN_SUSPICIOUS_MOVE = YES;
				CLANG_WARN_UNREACHABLE_CODE = YES;
				CLANG_WARN__DUPLICATE_METHOD_MATCH = YES;
				"CODE_SIGN_IDENTITY[sdk=iphoneos*]" = "iPhone Developer";
				COPY_PHASE_STRIP = NO;
				DEBUG_INFORMATION_FORMAT = dwarf;
				ENABLE_STRICT_OBJC_MSGSEND = YES;
				ENABLE_TESTABILITY = YES;
				GCC_C_LANGUAGE_STANDARD = gnu99;
				GCC_DYNAMIC_NO_PIC = NO;
				GCC_NO_COMMON_BLOCKS = YES;
				GCC_OPTIMIZATION_LEVEL = 0;
				GCC_PREPROCESSOR_DEFINITIONS = (
					"DEBUG=1",
					"$(inherited)",
				);
				GCC_WARN_64_TO_32_BIT_CONVERSION = YES;
				GCC_WARN_ABOUT_RETURN_TYPE = YES_ERROR;
				GCC_WARN_UNDECLARED_SELECTOR = YES;
				GCC_WARN_UNINITIALIZED_AUTOS = YES_AGGRESSIVE;
				GCC_WARN_UNUSED_FUNCTION = YES;
				GCC_WARN_UNUSED_VARIABLE = YES;
				IPHONEOS_DEPLOYMENT_TARGET = 10.3;
				MTL_ENABLE_DEBUG_INFO = YES;
				ONLY_ACTIVE_ARCH = YES;
				SDKROOT = iphoneos;
				SWIFT_ACTIVE_COMPILATION_CONDITIONS = DEBUG;
				SWIFT_OPTIMIZATION_LEVEL = "-Onone";
				TARGETED_DEVICE_FAMILY = "1,2";
			};
			name = Debug;
		};
		38FB1A891EDD77AC00343560 /* Release */ = {
			isa = XCBuildConfiguration;
			buildSettings = {
				ALWAYS_SEARCH_USER_PATHS = NO;
				CLANG_ANALYZER_NONNULL = YES;
				CLANG_ANALYZER_NUMBER_OBJECT_CONVERSION = YES_AGGRESSIVE;
				CLANG_CXX_LANGUAGE_STANDARD = "gnu++0x";
				CLANG_CXX_LIBRARY = "libc++";
				CLANG_ENABLE_MODULES = YES;
				CLANG_ENABLE_OBJC_ARC = YES;
				CLANG_WARN_BOOL_CONVERSION = YES;
				CLANG_WARN_CONSTANT_CONVERSION = YES;
				CLANG_WARN_DIRECT_OBJC_ISA_USAGE = YES_ERROR;
				CLANG_WARN_DOCUMENTATION_COMMENTS = YES;
				CLANG_WARN_EMPTY_BODY = YES;
				CLANG_WARN_ENUM_CONVERSION = YES;
				CLANG_WARN_INFINITE_RECURSION = YES;
				CLANG_WARN_INT_CONVERSION = YES;
				CLANG_WARN_OBJC_ROOT_CLASS = YES_ERROR;
				CLANG_WARN_SUSPICIOUS_MOVE = YES;
				CLANG_WARN_UNREACHABLE_CODE = YES;
				CLANG_WARN__DUPLICATE_METHOD_MATCH = YES;
				"CODE_SIGN_IDENTITY[sdk=iphoneos*]" = "iPhone Developer";
				COPY_PHASE_STRIP = NO;
				DEBUG_INFORMATION_FORMAT = "dwarf-with-dsym";
				ENABLE_NS_ASSERTIONS = NO;
				ENABLE_STRICT_OBJC_MSGSEND = YES;
				GCC_C_LANGUAGE_STANDARD = gnu99;
				GCC_NO_COMMON_BLOCKS = YES;
				GCC_WARN_64_TO_32_BIT_CONVERSION = YES;
				GCC_WARN_ABOUT_RETURN_TYPE = YES_ERROR;
				GCC_WARN_UNDECLARED_SELECTOR = YES;
				GCC_WARN_UNINITIALIZED_AUTOS = YES_AGGRESSIVE;
				GCC_WARN_UNUSED_FUNCTION = YES;
				GCC_WARN_UNUSED_VARIABLE = YES;
				IPHONEOS_DEPLOYMENT_TARGET = 10.3;
				MTL_ENABLE_DEBUG_INFO = NO;
				SDKROOT = iphoneos;
				SWIFT_OPTIMIZATION_LEVEL = "-Owholemodule";
				TARGETED_DEVICE_FAMILY = "1,2";
				VALIDATE_PRODUCT = YES;
			};
			name = Release;
		};
		38FB1A8B1EDD77AC00343560 /* Debug */ = {
			isa = XCBuildConfiguration;
			baseConfigurationReference = 5E35B851F7082DDA46DA8F46 /* Pods-Parking.debug.xcconfig */;
			buildSettings = {
				ASSETCATALOG_COMPILER_APPICON_NAME = AppIcon;
				CODE_SIGN_ENTITLEMENTS = Parking/Parking.entitlements;
				DEVELOPMENT_TEAM = HLB4G4QBTU;
				INFOPLIST_FILE = Parking/Info.plist;
				IPHONEOS_DEPLOYMENT_TARGET = 10.2;
				LD_RUNPATH_SEARCH_PATHS = "$(inherited) @executable_path/Frameworks";
				PRODUCT_BUNDLE_IDENTIFIER = tw.idv.shanehsu.Parking;
				PRODUCT_NAME = "$(TARGET_NAME)";
				SWIFT_VERSION = 3.0;
				TARGETED_DEVICE_FAMILY = 1;
			};
			name = Debug;
		};
		38FB1A8C1EDD77AC00343560 /* Release */ = {
			isa = XCBuildConfiguration;
			baseConfigurationReference = DC2F7649383381A1AF9EEEEB /* Pods-Parking.release.xcconfig */;
			buildSettings = {
				ASSETCATALOG_COMPILER_APPICON_NAME = AppIcon;
				CODE_SIGN_ENTITLEMENTS = Parking/Parking.entitlements;
				DEVELOPMENT_TEAM = HLB4G4QBTU;
				INFOPLIST_FILE = Parking/Info.plist;
				IPHONEOS_DEPLOYMENT_TARGET = 10.2;
				LD_RUNPATH_SEARCH_PATHS = "$(inherited) @executable_path/Frameworks";
				PRODUCT_BUNDLE_IDENTIFIER = tw.idv.shanehsu.Parking;
				PRODUCT_NAME = "$(TARGET_NAME)";
				SWIFT_VERSION = 3.0;
				TARGETED_DEVICE_FAMILY = 1;
			};
			name = Release;
		};
		38FB1A8E1EDD77AC00343560 /* Debug */ = {
			isa = XCBuildConfiguration;
			baseConfigurationReference = D3737EEF305DEF4E29C8DCB9 /* Pods-ParkingTests.debug.xcconfig */;
			buildSettings = {
				ALWAYS_EMBED_SWIFT_STANDARD_LIBRARIES = YES;
				BUNDLE_LOADER = "$(TEST_HOST)";
				DEVELOPMENT_TEAM = HLB4G4QBTU;
				INFOPLIST_FILE = ParkingTests/Info.plist;
				LD_RUNPATH_SEARCH_PATHS = "$(inherited) @executable_path/Frameworks @loader_path/Frameworks";
				PRODUCT_BUNDLE_IDENTIFIER = tw.idv.shanehsu.ParkingTests;
				PRODUCT_NAME = "$(TARGET_NAME)";
				SWIFT_VERSION = 3.0;
				TEST_HOST = "$(BUILT_PRODUCTS_DIR)/Parking.app/Parking";
			};
			name = Debug;
		};
		38FB1A8F1EDD77AC00343560 /* Release */ = {
			isa = XCBuildConfiguration;
			baseConfigurationReference = EEEAA3614AD402FBB39A4EA1 /* Pods-ParkingTests.release.xcconfig */;
			buildSettings = {
				ALWAYS_EMBED_SWIFT_STANDARD_LIBRARIES = YES;
				BUNDLE_LOADER = "$(TEST_HOST)";
				DEVELOPMENT_TEAM = HLB4G4QBTU;
				INFOPLIST_FILE = ParkingTests/Info.plist;
				LD_RUNPATH_SEARCH_PATHS = "$(inherited) @executable_path/Frameworks @loader_path/Frameworks";
				PRODUCT_BUNDLE_IDENTIFIER = tw.idv.shanehsu.ParkingTests;
				PRODUCT_NAME = "$(TARGET_NAME)";
				SWIFT_VERSION = 3.0;
				TEST_HOST = "$(BUILT_PRODUCTS_DIR)/Parking.app/Parking";
			};
			name = Release;
		};
		38FB1A911EDD77AC00343560 /* Debug */ = {
			isa = XCBuildConfiguration;
			baseConfigurationReference = D0C515C5DF3FBC70DB23C0B8 /* Pods-ParkingUITests.debug.xcconfig */;
			buildSettings = {
				ALWAYS_EMBED_SWIFT_STANDARD_LIBRARIES = YES;
				DEVELOPMENT_TEAM = HLB4G4QBTU;
				INFOPLIST_FILE = ParkingUITests/Info.plist;
				LD_RUNPATH_SEARCH_PATHS = "$(inherited) @executable_path/Frameworks @loader_path/Frameworks";
				PRODUCT_BUNDLE_IDENTIFIER = tw.idv.shanehsu.ParkingUITests;
				PRODUCT_NAME = "$(TARGET_NAME)";
				SWIFT_VERSION = 3.0;
				TEST_TARGET_NAME = Parking;
			};
			name = Debug;
		};
		38FB1A921EDD77AC00343560 /* Release */ = {
			isa = XCBuildConfiguration;
			baseConfigurationReference = 2A2BFAA3A278F32A563BDD23 /* Pods-ParkingUITests.release.xcconfig */;
			buildSettings = {
				ALWAYS_EMBED_SWIFT_STANDARD_LIBRARIES = YES;
				DEVELOPMENT_TEAM = HLB4G4QBTU;
				INFOPLIST_FILE = ParkingUITests/Info.plist;
				LD_RUNPATH_SEARCH_PATHS = "$(inherited) @executable_path/Frameworks @loader_path/Frameworks";
				PRODUCT_BUNDLE_IDENTIFIER = tw.idv.shanehsu.ParkingUITests;
				PRODUCT_NAME = "$(TARGET_NAME)";
				SWIFT_VERSION = 3.0;
				TEST_TARGET_NAME = Parking;
			};
			name = Release;
		};
/* End XCBuildConfiguration section */

/* Begin XCConfigurationList section */
		38FB1A5D1EDD77AC00343560 /* Build configuration list for PBXProject "Parking" */ = {
			isa = XCConfigurationList;
			buildConfigurations = (
				38FB1A881EDD77AC00343560 /* Debug */,
				38FB1A891EDD77AC00343560 /* Release */,
			);
			defaultConfigurationIsVisible = 0;
			defaultConfigurationName = Release;
		};
		38FB1A8A1EDD77AC00343560 /* Build configuration list for PBXNativeTarget "Parking" */ = {
			isa = XCConfigurationList;
			buildConfigurations = (
				38FB1A8B1EDD77AC00343560 /* Debug */,
				38FB1A8C1EDD77AC00343560 /* Release */,
			);
			defaultConfigurationIsVisible = 0;
			defaultConfigurationName = Release;
		};
		38FB1A8D1EDD77AC00343560 /* Build configuration list for PBXNativeTarget "ParkingTests" */ = {
			isa = XCConfigurationList;
			buildConfigurations = (
				38FB1A8E1EDD77AC00343560 /* Debug */,
				38FB1A8F1EDD77AC00343560 /* Release */,
			);
			defaultConfigurationIsVisible = 0;
			defaultConfigurationName = Release;
		};
		38FB1A901EDD77AC00343560 /* Build configuration list for PBXNativeTarget "ParkingUITests" */ = {
			isa = XCConfigurationList;
			buildConfigurations = (
				38FB1A911EDD77AC00343560 /* Debug */,
				38FB1A921EDD77AC00343560 /* Release */,
			);
			defaultConfigurationIsVisible = 0;
			defaultConfigurationName = Release;
		};
/* End XCConfigurationList section */
	};
	rootObject = 38FB1A5A1EDD77AC00343560 /* Project object */;
}
